
Microsoft Visual Studio Solution File, Format Version 12.00
# Visual Studio Version 17
VisualStudioVersion = 17.4.33205.214
MinimumVisualStudioVersion = 10.0.40219.1
Project("{FAE04EC0-301F-11D3-BF4B-00C04F79EFBC}") = "tt", "tt\tt.csproj", "{83983885-D3A0-4A4C-8C24-452752B61F13}"
EndProject
Global
	GlobalSection(SolutionConfigurationPlatforms) = preSolution
		Debug|Any CPU = Debug|Any CPU
		Release|Any CPU = Release|Any CPU
	EndGlobalSection
	GlobalSection(ProjectConfigurationPlatforms) = postSolution
		{83983885-D3A0-4A4C-8C24-452752B61F13}.Debug|Any CPU.ActiveCfg = Debug|Any CPU
		{83983885-D3A0-4A4C-8C24-452752B61F13}.Debug|Any CPU.Build.0 = Debug|Any CPU
		{83983885-D3A0-4A4C-8C24-452752B61F13}.Release|Any CPU.ActiveCfg = Release|Any CPU
		{83983885-D3A0-4A4C-8C24-452752B61F13}.Release|Any CPU.Build.0 = Release|Any CPU
	EndGlobalSection
	GlobalSection(SolutionProperties) = preSolution
		HideSolutionNode = FALSE
	EndGlobalSection
	GlobalSection(ExtensibilityGlobals) = postSolution
		SolutionGuid = {7D3866FF-7D52-497D-A749-AD6F48AA8CB2}
	EndGlobalSection
EndGlobal
